
Microsoft Visual Studio Solution File, Format Version 12.00
# Visual Studio Version 17
VisualStudioVersion = 17.4.33213.308
MinimumVisualStudioVersion = 10.0.40219.1
Project("{FAE04EC0-301F-11D3-BF4B-00C04F79EFBC}") = "ELEE_1119_mobileApp.Server", "Server\ELEE_1119_mobileApp.Server.csproj", "{8FF6C1B6-3D57-4372-9646-51AA04A36185}"
EndProject
Project("{FAE04EC0-301F-11D3-BF4B-00C04F79EFBC}") = "ELEE_1119_mobileApp.Client", "Client\ELEE_1119_mobileApp.Client.csproj", "{0F3AD21A-FE5E-4751-871D-4921E450AC98}"
EndProject
Project("{FAE04EC0-301F-11D3-BF4B-00C04F79EFBC}") = "ELEE_1119_mobileApp.Shared", "Shared\ELEE_1119_mobileApp.Shared.csproj", "{99A3229A-ADCA-45A2-A4BF-B58D4B0EDC1B}"
EndProject
Global
	GlobalSection(SolutionConfigurationPlatforms) = preSolution
		Debug|Any CPU = Debug|Any CPU
		Release|Any CPU = Release|Any CPU
	EndGlobalSection
	GlobalSection(ProjectConfigurationPlatforms) = postSolution
		{8FF6C1B6-3D57-4372-9646-51AA04A36185}.Debug|Any CPU.ActiveCfg = Debug|Any CPU
		{8FF6C1B6-3D57-4372-9646-51AA04A36185}.Debug|Any CPU.Build.0 = Debug|Any CPU
		{8FF6C1B6-3D57-4372-9646-51AA04A36185}.Release|Any CPU.ActiveCfg = Release|Any CPU
		{8FF6C1B6-3D57-4372-9646-51AA04A36185}.Release|Any CPU.Build.0 = Release|Any CPU
		{0F3AD21A-FE5E-4751-871D-4921E450AC98}.Debug|Any CPU.ActiveCfg = Debug|Any CPU
		{0F3AD21A-FE5E-4751-871D-4921E450AC98}.Debug|Any CPU.Build.0 = Debug|Any CPU
		{0F3AD21A-FE5E-4751-871D-4921E450AC98}.Release|Any CPU.ActiveCfg = Release|Any CPU
		{0F3AD21A-FE5E-4751-871D-4921E450AC98}.Release|Any CPU.Build.0 = Release|Any CPU
		{99A3229A-ADCA-45A2-A4BF-B58D4B0EDC1B}.Debug|Any CPU.ActiveCfg = Debug|Any CPU
		{99A3229A-ADCA-45A2-A4BF-B58D4B0EDC1B}.Debug|Any CPU.Build.0 = Debug|Any CPU
		{99A3229A-ADCA-45A2-A4BF-B58D4B0EDC1B}.Release|Any CPU.ActiveCfg = Release|Any CPU
		{99A3229A-ADCA-45A2-A4BF-B58D4B0EDC1B}.Release|Any CPU.Build.0 = Release|Any CPU
	EndGlobalSection
	GlobalSection(SolutionProperties) = preSolution
		HideSolutionNode = FALSE
	EndGlobalSection
	GlobalSection(ExtensibilityGlobals) = postSolution
		SolutionGuid = {97A7E13E-60DD-4902-B624-F451A6EBD105}
	EndGlobalSection
EndGlobal
